
Microsoft Visual Studio Solution File, Format Version 12.00
# Visual Studio 15
VisualStudioVersion = 15.0.28307.168
MinimumVisualStudioVersion = 10.0.40219.1
Project("{9A19103F-16F7-4668-BE54-9A1E7A4F7556}") = "Helfo.Core", "Helfo.Core\Helfo.Core.csproj", "{F333F4DF-F3AB-468F-8D7A-2CCC20D0F27A}"
EndProject
Project("{FAE04EC0-301F-11D3-BF4B-00C04F79EFBC}") = "Helfo.App", "Helfo.App\Helfo.App.csproj", "{FD304383-CBC4-4E0F-95F7-A7189D335079}"
EndProject
Global
	GlobalSection(SolutionConfigurationPlatforms) = preSolution
		Debug|Any CPU = Debug|Any CPU
		Release|Any CPU = Release|Any CPU
	EndGlobalSection
	GlobalSection(ProjectConfigurationPlatforms) = postSolution
		{F333F4DF-F3AB-468F-8D7A-2CCC20D0F27A}.Debug|Any CPU.ActiveCfg = Debug|Any CPU
		{F333F4DF-F3AB-468F-8D7A-2CCC20D0F27A}.Debug|Any CPU.Build.0 = Debug|Any CPU
		{F333F4DF-F3AB-468F-8D7A-2CCC20D0F27A}.Release|Any CPU.ActiveCfg = Release|Any CPU
		{F333F4DF-F3AB-468F-8D7A-2CCC20D0F27A}.Release|Any CPU.Build.0 = Release|Any CPU
		{FD304383-CBC4-4E0F-95F7-A7189D335079}.Debug|Any CPU.ActiveCfg = Debug|Any CPU
		{FD304383-CBC4-4E0F-95F7-A7189D335079}.Debug|Any CPU.Build.0 = Debug|Any CPU
		{FD304383-CBC4-4E0F-95F7-A7189D335079}.Release|Any CPU.ActiveCfg = Release|Any CPU
		{FD304383-CBC4-4E0F-95F7-A7189D335079}.Release|Any CPU.Build.0 = Release|Any CPU
	EndGlobalSection
	GlobalSection(SolutionProperties) = preSolution
		HideSolutionNode = FALSE
	EndGlobalSection
	GlobalSection(ExtensibilityGlobals) = postSolution
		SolutionGuid = {257A43E1-AC70-4A34-A5A7-7716298D0551}
	EndGlobalSection
EndGlobal
